
Microsoft Visual Studio Solution File, Format Version 12.00
# Visual Studio Version 16
VisualStudioVersion = 16.0.31005.135
MinimumVisualStudioVersion = 10.0.40219.1
Project("{FAE04EC0-301F-11D3-BF4B-00C04F79EFBC}") = "MailSender", "MailSender\MailSender.csproj", "{FF302910-FDE3-4EC3-9B6D-BD7E9A0A547B}"
EndProject
Global
	GlobalSection(SolutionConfigurationPlatforms) = preSolution
		Debug|Any CPU = Debug|Any CPU
		Release|Any CPU = Release|Any CPU
	EndGlobalSection
	GlobalSection(ProjectConfigurationPlatforms) = postSolution
		{FF302910-FDE3-4EC3-9B6D-BD7E9A0A547B}.Debug|Any CPU.ActiveCfg = Debug|Any CPU
		{FF302910-FDE3-4EC3-9B6D-BD7E9A0A547B}.Debug|Any CPU.Build.0 = Debug|Any CPU
		{FF302910-FDE3-4EC3-9B6D-BD7E9A0A547B}.Release|Any CPU.ActiveCfg = Release|Any CPU
		{FF302910-FDE3-4EC3-9B6D-BD7E9A0A547B}.Release|Any CPU.Build.0 = Release|Any CPU
	EndGlobalSection
	GlobalSection(SolutionProperties) = preSolution
		HideSolutionNode = FALSE
	EndGlobalSection
	GlobalSection(ExtensibilityGlobals) = postSolution
		SolutionGuid = {DFD015FF-0E76-4E15-A8EE-8226D1F50E3C}
	EndGlobalSection
EndGlobal
